
Microsoft Visual Studio Solution File, Format Version 12.00
# Visual Studio 15
VisualStudioVersion = 15.0.27703.2042
MinimumVisualStudioVersion = 10.0.40219.1
Project("{9A19103F-16F7-4668-BE54-9A1E7A4F7556}") = "Salazar.Measurements", "Salazar.Measurements\Salazar.Measurements.csproj", "{257239E3-50A1-4ABA-B79B-CD636205FE25}"
EndProject
Project("{9A19103F-16F7-4668-BE54-9A1E7A4F7556}") = "Tests", "Tests\Tests.csproj", "{A7045B00-E69B-4FC2-9737-06C683B0CBBF}"
EndProject
Project("{9A19103F-16F7-4668-BE54-9A1E7A4F7556}") = "ConsoleApp", "ConsoleApp\ConsoleApp.csproj", "{CC19F4BD-877B-4A30-BDFF-FEE66F5E2D4C}"
EndProject
Global
	GlobalSection(SolutionConfigurationPlatforms) = preSolution
		Debug|Any CPU = Debug|Any CPU
		Release|Any CPU = Release|Any CPU
	EndGlobalSection
	GlobalSection(ProjectConfigurationPlatforms) = postSolution
		{257239E3-50A1-4ABA-B79B-CD636205FE25}.Debug|Any CPU.ActiveCfg = Debug|Any CPU
		{257239E3-50A1-4ABA-B79B-CD636205FE25}.Debug|Any CPU.Build.0 = Debug|Any CPU
		{257239E3-50A1-4ABA-B79B-CD636205FE25}.Release|Any CPU.ActiveCfg = Release|Any CPU
		{257239E3-50A1-4ABA-B79B-CD636205FE25}.Release|Any CPU.Build.0 = Release|Any CPU
		{A7045B00-E69B-4FC2-9737-06C683B0CBBF}.Debug|Any CPU.ActiveCfg = Debug|Any CPU
		{A7045B00-E69B-4FC2-9737-06C683B0CBBF}.Debug|Any CPU.Build.0 = Debug|Any CPU
		{A7045B00-E69B-4FC2-9737-06C683B0CBBF}.Release|Any CPU.ActiveCfg = Release|Any CPU
		{A7045B00-E69B-4FC2-9737-06C683B0CBBF}.Release|Any CPU.Build.0 = Release|Any CPU
		{CC19F4BD-877B-4A30-BDFF-FEE66F5E2D4C}.Debug|Any CPU.ActiveCfg = Debug|Any CPU
		{CC19F4BD-877B-4A30-BDFF-FEE66F5E2D4C}.Debug|Any CPU.Build.0 = Debug|Any CPU
		{CC19F4BD-877B-4A30-BDFF-FEE66F5E2D4C}.Release|Any CPU.ActiveCfg = Release|Any CPU
		{CC19F4BD-877B-4A30-BDFF-FEE66F5E2D4C}.Release|Any CPU.Build.0 = Release|Any CPU
	EndGlobalSection
	GlobalSection(SolutionProperties) = preSolution
		HideSolutionNode = FALSE
	EndGlobalSection
	GlobalSection(ExtensibilityGlobals) = postSolution
		SolutionGuid = {1B1D05C6-D1DB-49DA-93A9-AFA62B407741}
	EndGlobalSection
EndGlobal
